
Microsoft Visual Studio Solution File, Format Version 12.00
# Visual Studio Version 17
VisualStudioVersion = 17.7.34009.444
MinimumVisualStudioVersion = 10.0.40219.1
Project("{FAE04EC0-301F-11D3-BF4B-00C04F79EFBC}") = "slotMachine", "slotMachine.csproj", "{5B2617C4-3BCA-43BE-9A35-449B5C390164}"
EndProject
Global
	GlobalSection(SolutionConfigurationPlatforms) = preSolution
		Debug|Any CPU = Debug|Any CPU
		Release|Any CPU = Release|Any CPU
	EndGlobalSection
	GlobalSection(ProjectConfigurationPlatforms) = postSolution
		{5B2617C4-3BCA-43BE-9A35-449B5C390164}.Debug|Any CPU.ActiveCfg = Debug|Any CPU
		{5B2617C4-3BCA-43BE-9A35-449B5C390164}.Debug|Any CPU.Build.0 = Debug|Any CPU
		{5B2617C4-3BCA-43BE-9A35-449B5C390164}.Release|Any CPU.ActiveCfg = Release|Any CPU
		{5B2617C4-3BCA-43BE-9A35-449B5C390164}.Release|Any CPU.Build.0 = Release|Any CPU
	EndGlobalSection
	GlobalSection(SolutionProperties) = preSolution
		HideSolutionNode = FALSE
	EndGlobalSection
	GlobalSection(ExtensibilityGlobals) = postSolution
		SolutionGuid = {840DDB16-BC0E-4930-992B-98F4F4A5E77D}
	EndGlobalSection
EndGlobal
